// !$*UTF8*$!
{
	archiveVersion = 1;
	classes = {
	};
	objectVersion = 46;
	objects = {

/* Begin PBXBuildFile section */
		50727E7917D9A8D400F055A6 /* UMLBuilder.m in Sources */ = {isa = PBXBuildFile; fileRef = 50727E7817D9A8D400F055A6 /* UMLBuilder.m */; };
		50A0B0A017D8502200B0510B /* UIKit.framework in Frameworks */ = {isa = PBXBuildFile; fileRef = 50A0B09F17D8502200B0510B /* UIKit.framework */; };
		50A0B0A217D8502200B0510B /* Foundation.framework in Frameworks */ = {isa = PBXBuildFile; fileRef = 50A0B0A117D8502200B0510B /* Foundation.framework */; };
		50A0B0A417D8502200B0510B /* CoreGraphics.framework in Frameworks */ = {isa = PBXBuildFile; fileRef = 50A0B0A317D8502200B0510B /* CoreGraphics.framework */; };
		50A0B0AA17D8502200B0510B /* InfoPlist.strings in Resources */ = {isa = PBXBuildFile; fileRef = 50A0B0A817D8502200B0510B /* InfoPlist.strings */; };
		50A0B0AC17D8502200B0510B /* main.m in Sources */ = {isa = PBXBuildFile; fileRef = 50A0B0AB17D8502200B0510B /* main.m */; };
		50A0B0B017D8502200B0510B /* AppDelegate.m in Sources */ = {isa = PBXBuildFile; fileRef = 50A0B0AF17D8502200B0510B /* AppDelegate.m */; };
		50A0B0B217D8502200B0510B /* Default.png in Resources */ = {isa = PBXBuildFile; fileRef = 50A0B0B117D8502200B0510B /* Default.png */; };
		50A0B0B417D8502200B0510B /* Default@2x.png in Resources */ = {isa = PBXBuildFile; fileRef = 50A0B0B317D8502200B0510B /* Default@2x.png */; };
		50A0B0B617D8502200B0510B /* Default-568h@2x.png in Resources */ = {isa = PBXBuildFile; fileRef = 50A0B0B517D8502200B0510B /* Default-568h@2x.png */; };
		50A0B0B917D8502200B0510B /* MainStoryboard.storyboard in Resources */ = {isa = PBXBuildFile; fileRef = 50A0B0B717D8502200B0510B /* MainStoryboard.storyboard */; };
		50A0B0BC17D8502200B0510B /* ViewController.m in Sources */ = {isa = PBXBuildFile; fileRef = 50A0B0BB17D8502200B0510B /* ViewController.m */; };
		50A0B0C717D857DD00B0510B /* check_normal.png in Resources */ = {isa = PBXBuildFile; fileRef = 50A0B0C317D857DD00B0510B /* check_normal.png */; };
		50A0B0C817D857DD00B0510B /* check_normal@2x.png in Resources */ = {isa = PBXBuildFile; fileRef = 50A0B0C417D857DD00B0510B /* check_normal@2x.png */; };
		50A0B0C917D857DD00B0510B /* check_selected.png in Resources */ = {isa = PBXBuildFile; fileRef = 50A0B0C517D857DD00B0510B /* check_selected.png */; };
		50A0B0CA17D857DD00B0510B /* check_selected@2x.png in Resources */ = {isa = PBXBuildFile; fileRef = 50A0B0C617D857DD00B0510B /* check_selected@2x.png */; };
		50A0B0CE17D85E0A00B0510B /* RegexKitLite.m in Sources */ = {isa = PBXBuildFile; fileRef = 50A0B0CD17D85E0A00B0510B /* RegexKitLite.m */; settings = {COMPILER_FLAGS = "-fno-objc-arc"; }; };
		50A0B0D417D8618000B0510B /* libicucore.dylib in Frameworks */ = {isa = PBXBuildFile; fileRef = 50A0B0D317D8618000B0510B /* libicucore.dylib */; };
		50A0B0D717D870B900B0510B /* UMLViewController.m in Sources */ = {isa = PBXBuildFile; fileRef = 50A0B0D617D870B800B0510B /* UMLViewController.m */; };
		50A0B0DB17D8712E00B0510B /* BaseUMLFrame.m in Sources */ = {isa = PBXBuildFile; fileRef = 50A0B0DA17D8712E00B0510B /* BaseUMLFrame.m */; };
		50A0B0DE17D8719700B0510B /* ClassFrame.m in Sources */ = {isa = PBXBuildFile; fileRef = 50A0B0DD17D8719700B0510B /* ClassFrame.m */; };
		50A0B0E117D871A200B0510B /* InterfaceFrame.m in Sources */ = {isa = PBXBuildFile; fileRef = 50A0B0E017D871A200B0510B /* InterfaceFrame.m */; };
		50A0B0E317D8735500B0510B /* UMLFrameView.xib in Resources */ = {isa = PBXBuildFile; fileRef = 50A0B0E217D8735500B0510B /* UMLFrameView.xib */; };
		50A0B0E617D874E900B0510B /* ListView.m in Sources */ = {isa = PBXBuildFile; fileRef = 50A0B0E517D874E900B0510B /* ListView.m */; };
		50A78D6817D984DA00FB5A26 /* ClassModel.m in Sources */ = {isa = PBXBuildFile; fileRef = 50A78D6717D984DA00FB5A26 /* ClassModel.m */; };
/* End PBXBuildFile section */

/* Begin PBXFileReference section */
		50727E7717D9A8D400F055A6 /* UMLBuilder.h */ = {isa = PBXFileReference; fileEncoding = 4; lastKnownFileType = sourcecode.c.h; path = UMLBuilder.h; sourceTree = "<group>"; };
		50727E7817D9A8D400F055A6 /* UMLBuilder.m */ = {isa = PBXFileReference; fileEncoding = 4; lastKnownFileType = sourcecode.c.objc; path = UMLBuilder.m; sourceTree = "<group>"; };
		50A0B09C17D8502200B0510B /* UMLBuilder.app */ = {isa = PBXFileReference; explicitFileType = wrapper.application; includeInIndex = 0; path = UMLBuilder.app; sourceTree = BUILT_PRODUCTS_DIR; };
		50A0B09F17D8502200B0510B /* UIKit.framework */ = {isa = PBXFileReference; lastKnownFileType = wrapper.framework; name = UIKit.framework; path = System/Library/Frameworks/UIKit.framework; sourceTree = SDKROOT; };
		50A0B0A117D8502200B0510B /* Foundation.framework */ = {isa = PBXFileReference; lastKnownFileType = wrapper.framework; name = Foundation.framework; path = System/Library/Frameworks/Foundation.framework; sourceTree = SDKROOT; };
		50A0B0A317D8502200B0510B /* CoreGraphics.framework */ = {isa = PBXFileReference; lastKnownFileType = wrapper.framework; name = CoreGraphics.framework; path = System/Library/Frameworks/CoreGraphics.framework; sourceTree = SDKROOT; };
		50A0B0A717D8502200B0510B /* UMLBuilder-Info.plist */ = {isa = PBXFileReference; lastKnownFileType = text.plist.xml; path = "UMLBuilder-Info.plist"; sourceTree = "<group>"; };
		50A0B0A917D8502200B0510B /* en */ = {isa = PBXFileReference; lastKnownFileType = text.plist.strings; name = en; path = en.lproj/InfoPlist.strings; sourceTree = "<group>"; };
		50A0B0AB17D8502200B0510B /* main.m */ = {isa = PBXFileReference; lastKnownFileType = sourcecode.c.objc; path = main.m; sourceTree = "<group>"; };
		50A0B0AD17D8502200B0510B /* UMLBuilder-Prefix.pch */ = {isa = PBXFileReference; lastKnownFileType = sourcecode.c.h; path = "UMLBuilder-Prefix.pch"; sourceTree = "<group>"; };
		50A0B0AE17D8502200B0510B /* AppDelegate.h */ = {isa = PBXFileReference; lastKnownFileType = sourcecode.c.h; path = AppDelegate.h; sourceTree = "<group>"; };
		50A0B0AF17D8502200B0510B /* AppDelegate.m */ = {isa = PBXFileReference; lastKnownFileType = sourcecode.c.objc; path = AppDelegate.m; sourceTree = "<group>"; };
		50A0B0B117D8502200B0510B /* Default.png */ = {isa = PBXFileReference; lastKnownFileType = image.png; path = Default.png; sourceTree = "<group>"; };
		50A0B0B317D8502200B0510B /* Default@2x.png */ = {isa = PBXFileReference; lastKnownFileType = image.png; path = "Default@2x.png"; sourceTree = "<group>"; };
		50A0B0B517D8502200B0510B /* Default-568h@2x.png */ = {isa = PBXFileReference; lastKnownFileType = image.png; path = "Default-568h@2x.png"; sourceTree = "<group>"; };
		50A0B0B817D8502200B0510B /* en */ = {isa = PBXFileReference; lastKnownFileType = file.storyboard; name = en; path = en.lproj/MainStoryboard.storyboard; sourceTree = "<group>"; };
		50A0B0BA17D8502200B0510B /* ViewController.h */ = {isa = PBXFileReference; lastKnownFileType = sourcecode.c.h; path = ViewController.h; sourceTree = "<group>"; };
		50A0B0BB17D8502200B0510B /* ViewController.m */ = {isa = PBXFileReference; lastKnownFileType = sourcecode.c.objc; path = ViewController.m; sourceTree = "<group>"; };
		50A0B0C317D857DD00B0510B /* check_normal.png */ = {isa = PBXFileReference; lastKnownFileType = image.png; path = check_normal.png; sourceTree = "<group>"; };
		50A0B0C417D857DD00B0510B /* check_normal@2x.png */ = {isa = PBXFileReference; lastKnownFileType = image.png; path = "check_normal@2x.png"; sourceTree = "<group>"; };
		50A0B0C517D857DD00B0510B /* check_selected.png */ = {isa = PBXFileReference; lastKnownFileType = image.png; path = check_selected.png; sourceTree = "<group>"; };
		50A0B0C617D857DD00B0510B /* check_selected@2x.png */ = {isa = PBXFileReference; lastKnownFileType = image.png; path = "check_selected@2x.png"; sourceTree = "<group>"; };
		50A0B0CC17D85E0A00B0510B /* RegexKitLite.h */ = {isa = PBXFileReference; fileEncoding = 4; lastKnownFileType = sourcecode.c.h; path = RegexKitLite.h; sourceTree = "<group>"; };
		50A0B0CD17D85E0A00B0510B /* RegexKitLite.m */ = {isa = PBXFileReference; fileEncoding = 4; lastKnownFileType = sourcecode.c.objc; path = RegexKitLite.m; sourceTree = "<group>"; };
		50A0B0D317D8618000B0510B /* libicucore.dylib */ = {isa = PBXFileReference; lastKnownFileType = "compiled.mach-o.dylib"; name = libicucore.dylib; path = usr/lib/libicucore.dylib; sourceTree = SDKROOT; };
		50A0B0D517D870B800B0510B /* UMLViewController.h */ = {isa = PBXFileReference; fileEncoding = 4; lastKnownFileType = sourcecode.c.h; path = UMLViewController.h; sourceTree = "<group>"; };
		50A0B0D617D870B800B0510B /* UMLViewController.m */ = {isa = PBXFileReference; fileEncoding = 4; lastKnownFileType = sourcecode.c.objc; path = UMLViewController.m; sourceTree = "<group>"; };
		50A0B0D917D8712E00B0510B /* BaseUMLFrame.h */ = {isa = PBXFileReference; fileEncoding = 4; lastKnownFileType = sourcecode.c.h; path = BaseUMLFrame.h; sourceTree = "<group>"; };
		50A0B0DA17D8712E00B0510B /* BaseUMLFrame.m */ = {isa = PBXFileReference; fileEncoding = 4; lastKnownFileType = sourcecode.c.objc; path = BaseUMLFrame.m; sourceTree = "<group>"; };
		50A0B0DC17D8719700B0510B /* ClassFrame.h */ = {isa = PBXFileReference; fileEncoding = 4; lastKnownFileType = sourcecode.c.h; path = ClassFrame.h; sourceTree = "<group>"; };
		50A0B0DD17D8719700B0510B /* ClassFrame.m */ = {isa = PBXFileReference; fileEncoding = 4; lastKnownFileType = sourcecode.c.objc; path = ClassFrame.m; sourceTree = "<group>"; };
		50A0B0DF17D871A200B0510B /* InterfaceFrame.h */ = {isa = PBXFileReference; fileEncoding = 4; lastKnownFileType = sourcecode.c.h; path = InterfaceFrame.h; sourceTree = "<group>"; };
		50A0B0E017D871A200B0510B /* InterfaceFrame.m */ = {isa = PBXFileReference; fileEncoding = 4; lastKnownFileType = sourcecode.c.objc; path = InterfaceFrame.m; sourceTree = "<group>"; };
		50A0B0E217D8735500B0510B /* UMLFrameView.xib */ = {isa = PBXFileReference; fileEncoding = 4; lastKnownFileType = file.xib; path = UMLFrameView.xib; sourceTree = "<group>"; };
		50A0B0E417D874E900B0510B /* ListView.h */ = {isa = PBXFileReference; fileEncoding = 4; lastKnownFileType = sourcecode.c.h; path = ListView.h; sourceTree = "<group>"; };
		50A0B0E517D874E900B0510B /* ListView.m */ = {isa = PBXFileReference; fileEncoding = 4; lastKnownFileType = sourcecode.c.objc; path = ListView.m; sourceTree = "<group>"; };
		50A78D6617D984DA00FB5A26 /* ClassModel.h */ = {isa = PBXFileReference; fileEncoding = 4; lastKnownFileType = sourcecode.c.h; path = ClassModel.h; sourceTree = "<group>"; };
		50A78D6717D984DA00FB5A26 /* ClassModel.m */ = {isa = PBXFileReference; fileEncoding = 4; lastKnownFileType = sourcecode.c.objc; path = ClassModel.m; sourceTree = "<group>"; };
/* End PBXFileReference section */

/* Begin PBXFrameworksBuildPhase section */
		50A0B09917D8502200B0510B /* Frameworks */ = {
			isa = PBXFrameworksBuildPhase;
			buildActionMask = 2147483647;
			files = (
				50A0B0D417D8618000B0510B /* libicucore.dylib in Frameworks */,
				50A0B0A017D8502200B0510B /* UIKit.framework in Frameworks */,
				50A0B0A217D8502200B0510B /* Foundation.framework in Frameworks */,
				50A0B0A417D8502200B0510B /* CoreGraphics.framework in Frameworks */,
			);
			runOnlyForDeploymentPostprocessing = 0;
		};
/* End PBXFrameworksBuildPhase section */

/* Begin PBXGroup section */
		50A0B09317D8502200B0510B = {
			isa = PBXGroup;
			children = (
				50A0B0A517D8502200B0510B /* UMLBuilder */,
				50A0B09E17D8502200B0510B /* Frameworks */,
				50A0B09D17D8502200B0510B /* Products */,
			);
			sourceTree = "<group>";
		};
		50A0B09D17D8502200B0510B /* Products */ = {
			isa = PBXGroup;
			children = (
				50A0B09C17D8502200B0510B /* UMLBuilder.app */,
			);
			name = Products;
			sourceTree = "<group>";
		};
		50A0B09E17D8502200B0510B /* Frameworks */ = {
			isa = PBXGroup;
			children = (
				50A0B0D317D8618000B0510B /* libicucore.dylib */,
				50A0B09F17D8502200B0510B /* UIKit.framework */,
				50A0B0A117D8502200B0510B /* Foundation.framework */,
				50A0B0A317D8502200B0510B /* CoreGraphics.framework */,
			);
			name = Frameworks;
			sourceTree = "<group>";
		};
		50A0B0A517D8502200B0510B /* UMLBuilder */ = {
			isa = PBXGroup;
			children = (
				50A0B0D817D870F100B0510B /* UMLModel */,
				50A0B0CB17D85E0A00B0510B /* RegexKit */,
				50A0B0C217D857C300B0510B /* Images */,
				50A0B0AE17D8502200B0510B /* AppDelegate.h */,
				50A0B0AF17D8502200B0510B /* AppDelegate.m */,
				50A0B0B717D8502200B0510B /* MainStoryboard.storyboard */,
				50A0B0BA17D8502200B0510B /* ViewController.h */,
				50A0B0BB17D8502200B0510B /* ViewController.m */,
				50A0B0D517D870B800B0510B /* UMLViewController.h */,
				50A0B0D617D870B800B0510B /* UMLViewController.m */,
				50A0B0A617D8502200B0510B /* Supporting Files */,
				50727E7717D9A8D400F055A6 /* UMLBuilder.h */,
				50727E7817D9A8D400F055A6 /* UMLBuilder.m */,
			);
			path = UMLBuilder;
			sourceTree = "<group>";
		};
		50A0B0A617D8502200B0510B /* Supporting Files */ = {
			isa = PBXGroup;
			children = (
				50A0B0A717D8502200B0510B /* UMLBuilder-Info.plist */,
				50A0B0A817D8502200B0510B /* InfoPlist.strings */,
				50A0B0AB17D8502200B0510B /* main.m */,
				50A0B0AD17D8502200B0510B /* UMLBuilder-Prefix.pch */,
				50A0B0B117D8502200B0510B /* Default.png */,
				50A0B0B317D8502200B0510B /* Default@2x.png */,
				50A0B0B517D8502200B0510B /* Default-568h@2x.png */,
			);
			name = "Supporting Files";
			sourceTree = "<group>";
		};
		50A0B0C217D857C300B0510B /* Images */ = {
			isa = PBXGroup;
			children = (
				50A0B0C317D857DD00B0510B /* check_normal.png */,
				50A0B0C417D857DD00B0510B /* check_normal@2x.png */,
				50A0B0C517D857DD00B0510B /* check_selected.png */,
				50A0B0C617D857DD00B0510B /* check_selected@2x.png */,
			);
			path = Images;
			sourceTree = "<group>";
		};
		50A0B0CB17D85E0A00B0510B /* RegexKit */ = {
			isa = PBXGroup;
			children = (
				50A0B0CC17D85E0A00B0510B /* RegexKitLite.h */,
				50A0B0CD17D85E0A00B0510B /* RegexKitLite.m */,
			);
			path = RegexKit;
			sourceTree = "<group>";
		};
		50A0B0D817D870F100B0510B /* UMLModel */ = {
			isa = PBXGroup;
			children = (
				50A0B0D917D8712E00B0510B /* BaseUMLFrame.h */,
				50A0B0DA17D8712E00B0510B /* BaseUMLFrame.m */,
				50A0B0DC17D8719700B0510B /* ClassFrame.h */,
				50A0B0DD17D8719700B0510B /* ClassFrame.m */,
				50A0B0DF17D871A200B0510B /* InterfaceFrame.h */,
				50A0B0E017D871A200B0510B /* InterfaceFrame.m */,
				50A0B0E217D8735500B0510B /* UMLFrameView.xib */,
				50A0B0E417D874E900B0510B /* ListView.h */,
				50A0B0E517D874E900B0510B /* ListView.m */,
				50A78D6617D984DA00FB5A26 /* ClassModel.h */,
				50A78D6717D984DA00FB5A26 /* ClassModel.m */,
			);
			path = UMLModel;
			sourceTree = "<group>";
		};
/* End PBXGroup section */

/* Begin PBXNativeTarget section */
		50A0B09B17D8502200B0510B /* UMLBuilder */ = {
			isa = PBXNativeTarget;
			buildConfigurationList = 50A0B0BF17D8502300B0510B /* Build configuration list for PBXNativeTarget "UMLBuilder" */;
			buildPhases = (
				50A0B09917D8502200B0510B /* Frameworks */,
				50A0B09A17D8502200B0510B /* Resources */,
				50A0B09817D8502200B0510B /* Sources */,
			);
			buildRules = (
			);
			dependencies = (
			);
			name = UMLBuilder;
			productName = UMLBuilder;
			productReference = 50A0B09C17D8502200B0510B /* UMLBuilder.app */;
			productType = "com.apple.product-type.application";
		};
/* End PBXNativeTarget section */

/* Begin PBXProject section */
		50A0B09417D8502200B0510B /* Project object */ = {
			isa = PBXProject;
			attributes = {
				LastUpgradeCheck = 0460;
				ORGANIZATIONNAME = tianchi.shao;
			};
			buildConfigurationList = 50A0B09717D8502200B0510B /* Build configuration list for PBXProject "UMLBuilder" */;
			compatibilityVersion = "Xcode 3.2";
			developmentRegion = English;
			hasScannedForEncodings = 0;
			knownRegions = (
				en,
			);
			mainGroup = 50A0B09317D8502200B0510B;
			productRefGroup = 50A0B09D17D8502200B0510B /* Products */;
			projectDirPath = "";
			projectRoot = "";
			targets = (
				50A0B09B17D8502200B0510B /* UMLBuilder */,
			);
		};
/* End PBXProject section */

/* Begin PBXResourcesBuildPhase section */
		50A0B09A17D8502200B0510B /* Resources */ = {
			isa = PBXResourcesBuildPhase;
			buildActionMask = 2147483647;
			files = (
				50A0B0AA17D8502200B0510B /* InfoPlist.strings in Resources */,
				50A0B0B217D8502200B0510B /* Default.png in Resources */,
				50A0B0B417D8502200B0510B /* Default@2x.png in Resources */,
				50A0B0B617D8502200B0510B /* Default-568h@2x.png in Resources */,
				50A0B0B917D8502200B0510B /* MainStoryboard.storyboard in Resources */,
				50A0B0C717D857DD00B0510B /* check_normal.png in Resources */,
				50A0B0C817D857DD00B0510B /* check_normal@2x.png in Resources */,
				50A0B0C917D857DD00B0510B /* check_selected.png in Resources */,
				50A0B0CA17D857DD00B0510B /* check_selected@2x.png in Resources */,
				50A0B0E317D8735500B0510B /* UMLFrameView.xib in Resources */,
			);
			runOnlyForDeploymentPostprocessing = 0;
		};
/* End PBXResourcesBuildPhase section */

/* Begin PBXSourcesBuildPhase section */
		50A0B09817D8502200B0510B /* Sources */ = {
			isa = PBXSourcesBuildPhase;
			buildActionMask = 2147483647;
			files = (
				50A0B0AC17D8502200B0510B /* main.m in Sources */,
				50A0B0B017D8502200B0510B /* AppDelegate.m in Sources */,
				50A0B0BC17D8502200B0510B /* ViewController.m in Sources */,
				50A0B0CE17D85E0A00B0510B /* RegexKitLite.m in Sources */,
				50A0B0D717D870B900B0510B /* UMLViewController.m in Sources */,
				50A0B0DB17D8712E00B0510B /* BaseUMLFrame.m in Sources */,
				50A0B0DE17D8719700B0510B /* ClassFrame.m in Sources */,
				50A0B0E117D871A200B0510B /* InterfaceFrame.m in Sources */,
				50A0B0E617D874E900B0510B /* ListView.m in Sources */,
				50A78D6817D984DA00FB5A26 /* ClassModel.m in Sources */,
				50727E7917D9A8D400F055A6 /* UMLBuilder.m in Sources */,
			);
			runOnlyForDeploymentPostprocessing = 0;
		};
/* End PBXSourcesBuildPhase section */

/* Begin PBXVariantGroup section */
		50A0B0A817D8502200B0510B /* InfoPlist.strings */ = {
			isa = PBXVariantGroup;
			children = (
				50A0B0A917D8502200B0510B /* en */,
			);
			name = InfoPlist.strings;
			sourceTree = "<group>";
		};
		50A0B0B717D8502200B0510B /* MainStoryboard.storyboard */ = {
			isa = PBXVariantGroup;
			children = (
				50A0B0B817D8502200B0510B /* en */,
			);
			name = MainStoryboard.storyboard;
			sourceTree = "<group>";
		};
/* End PBXVariantGroup section */

/* Begin XCBuildConfiguration section */
		50A0B0BD17D8502200B0510B /* Debug */ = {
			isa = XCBuildConfiguration;
			buildSettings = {
				ALWAYS_SEARCH_USER_PATHS = NO;
				CLANG_CXX_LANGUAGE_STANDARD = "gnu++0x";
				CLANG_CXX_LIBRARY = "libc++";
				CLANG_ENABLE_OBJC_ARC = YES;
				CLANG_WARN_CONSTANT_CONVERSION = YES;
				CLANG_WARN_EMPTY_BODY = YES;
				CLANG_WARN_ENUM_CONVERSION = YES;
				CLANG_WARN_INT_CONVERSION = YES;
				CLANG_WARN__DUPLICATE_METHOD_MATCH = YES;
				"CODE_SIGN_IDENTITY[sdk=iphoneos*]" = "iPhone Developer";
				COPY_PHASE_STRIP = NO;
				GCC_C_LANGUAGE_STANDARD = gnu99;
				GCC_DYNAMIC_NO_PIC = NO;
				GCC_OPTIMIZATION_LEVEL = 0;
				GCC_PREPROCESSOR_DEFINITIONS = (
					"DEBUG=1",
					"$(inherited)",
				);
				GCC_SYMBOLS_PRIVATE_EXTERN = NO;
				GCC_WARN_ABOUT_RETURN_TYPE = YES;
				GCC_WARN_UNINITIALIZED_AUTOS = YES;
				GCC_WARN_UNUSED_VARIABLE = YES;
				IPHONEOS_DEPLOYMENT_TARGET = 6.1;
				ONLY_ACTIVE_ARCH = YES;
				SDKROOT = iphoneos;
			};
			name = Debug;
		};
		50A0B0BE17D8502300B0510B /* Release */ = {
			isa = XCBuildConfiguration;
			buildSettings = {
				ALWAYS_SEARCH_USER_PATHS = NO;
				CLANG_CXX_LANGUAGE_STANDARD = "gnu++0x";
				CLANG_CXX_LIBRARY = "libc++";
				CLANG_ENABLE_OBJC_ARC = YES;
				CLANG_WARN_CONSTANT_CONVERSION = YES;
				CLANG_WARN_EMPTY_BODY = YES;
				CLANG_WARN_ENUM_CONVERSION = YES;
				CLANG_WARN_INT_CONVERSION = YES;
				CLANG_WARN__DUPLICATE_METHOD_MATCH = YES;
				"CODE_SIGN_IDENTITY[sdk=iphoneos*]" = "iPhone Developer";
				COPY_PHASE_STRIP = YES;
				GCC_C_LANGUAGE_STANDARD = gnu99;
				GCC_WARN_ABOUT_RETURN_TYPE = YES;
				GCC_WARN_UNINITIALIZED_AUTOS = YES;
				GCC_WARN_UNUSED_VARIABLE = YES;
				IPHONEOS_DEPLOYMENT_TARGET = 6.1;
				OTHER_CFLAGS = "-DNS_BLOCK_ASSERTIONS=1";
				SDKROOT = iphoneos;
				VALIDATE_PRODUCT = YES;
			};
			name = Release;
		};
		50A0B0C017D8502300B0510B /* Debug */ = {
			isa = XCBuildConfiguration;
			buildSettings = {
				GCC_PRECOMPILE_PREFIX_HEADER = YES;
				GCC_PREFIX_HEADER = "UMLBuilder/UMLBuilder-Prefix.pch";
				INFOPLIST_FILE = "UMLBuilder/UMLBuilder-Info.plist";
				IPHONEOS_DEPLOYMENT_TARGET = 5.0;
				PRODUCT_NAME = "$(TARGET_NAME)";
				WRAPPER_EXTENSION = app;
			};
			name = Debug;
		};
		50A0B0C117D8502300B0510B /* Release */ = {
			isa = XCBuildConfiguration;
			buildSettings = {
				GCC_PRECOMPILE_PREFIX_HEADER = YES;
				GCC_PREFIX_HEADER = "UMLBuilder/UMLBuilder-Prefix.pch";
				INFOPLIST_FILE = "UMLBuilder/UMLBuilder-Info.plist";
				IPHONEOS_DEPLOYMENT_TARGET = 5.0;
				PRODUCT_NAME = "$(TARGET_NAME)";
				WRAPPER_EXTENSION = app;
			};
			name = Release;
		};
/* End XCBuildConfiguration section */

/* Begin XCConfigurationList section */
		50A0B09717D8502200B0510B /* Build configuration list for PBXProject "UMLBuilder" */ = {
			isa = XCConfigurationList;
			buildConfigurations = (
				50A0B0BD17D8502200B0510B /* Debug */,
				50A0B0BE17D8502300B0510B /* Release */,
			);
			defaultConfigurationIsVisible = 0;
			defaultConfigurationName = Release;
		};
		50A0B0BF17D8502300B0510B /* Build configuration list for PBXNativeTarget "UMLBuilder" */ = {
			isa = XCConfigurationList;
			buildConfigurations = (
				50A0B0C017D8502300B0510B /* Debug */,
				50A0B0C117D8502300B0510B /* Release */,
			);
			defaultConfigurationIsVisible = 0;
			defaultConfigurationName = Release;
		};
/* End XCConfigurationList section */
	};
	rootObject = 50A0B09417D8502200B0510B /* Project object */;
}
